
Microsoft Visual Studio Solution File, Format Version 12.00
# Visual Studio Version 17
VisualStudioVersion = 17.3.32922.545
MinimumVisualStudioVersion = 10.0.40219.1
Project("{9A19103F-16F7-4668-BE54-9A1E7A4F7556}") = "AsyncCommandBug", "AsyncCommandBug.csproj", "{BE2283EC-8EC6-4A32-8723-B57ED2EC4F1D}"
EndProject
Global
	GlobalSection(SolutionConfigurationPlatforms) = preSolution
		Debug|Any CPU = Debug|Any CPU
		Release|Any CPU = Release|Any CPU
	EndGlobalSection
	GlobalSection(ProjectConfigurationPlatforms) = postSolution
		{BE2283EC-8EC6-4A32-8723-B57ED2EC4F1D}.Debug|Any CPU.ActiveCfg = Debug|Any CPU
		{BE2283EC-8EC6-4A32-8723-B57ED2EC4F1D}.Debug|Any CPU.Build.0 = Debug|Any CPU
		{BE2283EC-8EC6-4A32-8723-B57ED2EC4F1D}.Release|Any CPU.ActiveCfg = Release|Any CPU
		{BE2283EC-8EC6-4A32-8723-B57ED2EC4F1D}.Release|Any CPU.Build.0 = Release|Any CPU
	EndGlobalSection
	GlobalSection(SolutionProperties) = preSolution
		HideSolutionNode = FALSE
	EndGlobalSection
	GlobalSection(ExtensibilityGlobals) = postSolution
		SolutionGuid = {A02D952B-60D0-487A-8D1B-576AC665D904}
	EndGlobalSection
EndGlobal
